
Microsoft Visual Studio Solution File, Format Version 12.00
# Visual Studio Version 16
VisualStudioVersion = 16.0.30804.86
MinimumVisualStudioVersion = 10.0.40219.1
Project("{9A19103F-16F7-4668-BE54-9A1E7A4F7556}") = "DataAccess", "DataAccess\DataAccess.csproj", "{F5BAC197-50FC-4BF1-BBA8-040F7990656C}"
EndProject
Project("{9A19103F-16F7-4668-BE54-9A1E7A4F7556}") = "Business", "Business\Business.csproj", "{26A3BEC0-D32E-44C3-AC46-40D2473EE884}"
EndProject
Project("{9A19103F-16F7-4668-BE54-9A1E7A4F7556}") = "Entities", "Entities\Entities.csproj", "{51A22491-553B-441D-A50B-252F85F5FCEE}"
EndProject
Project("{9A19103F-16F7-4668-BE54-9A1E7A4F7556}") = "ConsoleUI", "ConsoleUI\ConsoleUI.csproj", "{4D02DAB2-9C86-4338-88B7-26CD5C0547B3}"
EndProject
Project("{9A19103F-16F7-4668-BE54-9A1E7A4F7556}") = "Core", "Core\Core.csproj", "{C159F182-6B3D-4BE0-A709-D126216E35C0}"
EndProject
Project("{FAE04EC0-301F-11D3-BF4B-00C04F79EFBC}") = "WebAPI", "WebAPI\WebAPI.csproj", "{8F4975DA-0928-4408-8168-26257260E3E2}"
EndProject
Global
	GlobalSection(SolutionConfigurationPlatforms) = preSolution
		Debug|Any CPU = Debug|Any CPU
		Release|Any CPU = Release|Any CPU
	EndGlobalSection
	GlobalSection(ProjectConfigurationPlatforms) = postSolution
		{F5BAC197-50FC-4BF1-BBA8-040F7990656C}.Debug|Any CPU.ActiveCfg = Debug|Any CPU
		{F5BAC197-50FC-4BF1-BBA8-040F7990656C}.Debug|Any CPU.Build.0 = Debug|Any CPU
		{F5BAC197-50FC-4BF1-BBA8-040F7990656C}.Release|Any CPU.ActiveCfg = Release|Any CPU
		{F5BAC197-50FC-4BF1-BBA8-040F7990656C}.Release|Any CPU.Build.0 = Release|Any CPU
		{26A3BEC0-D32E-44C3-AC46-40D2473EE884}.Debug|Any CPU.ActiveCfg = Debug|Any CPU
		{26A3BEC0-D32E-44C3-AC46-40D2473EE884}.Debug|Any CPU.Build.0 = Debug|Any CPU
		{26A3BEC0-D32E-44C3-AC46-40D2473EE884}.Release|Any CPU.ActiveCfg = Release|Any CPU
		{26A3BEC0-D32E-44C3-AC46-40D2473EE884}.Release|Any CPU.Build.0 = Release|Any CPU
		{51A22491-553B-441D-A50B-252F85F5FCEE}.Debug|Any CPU.ActiveCfg = Debug|Any CPU
		{51A22491-553B-441D-A50B-252F85F5FCEE}.Debug|Any CPU.Build.0 = Debug|Any CPU
		{51A22491-553B-441D-A50B-252F85F5FCEE}.Release|Any CPU.ActiveCfg = Release|Any CPU
		{51A22491-553B-441D-A50B-252F85F5FCEE}.Release|Any CPU.Build.0 = Release|Any CPU
		{4D02DAB2-9C86-4338-88B7-26CD5C0547B3}.Debug|Any CPU.ActiveCfg = Debug|Any CPU
		{4D02DAB2-9C86-4338-88B7-26CD5C0547B3}.Debug|Any CPU.Build.0 = Debug|Any CPU
		{4D02DAB2-9C86-4338-88B7-26CD5C0547B3}.Release|Any CPU.ActiveCfg = Release|Any CPU
		{4D02DAB2-9C86-4338-88B7-26CD5C0547B3}.Release|Any CPU.Build.0 = Release|Any CPU
		{C159F182-6B3D-4BE0-A709-D126216E35C0}.Debug|Any CPU.ActiveCfg = Debug|Any CPU
		{C159F182-6B3D-4BE0-A709-D126216E35C0}.Debug|Any CPU.Build.0 = Debug|Any CPU
		{C159F182-6B3D-4BE0-A709-D126216E35C0}.Release|Any CPU.ActiveCfg = Release|Any CPU
		{C159F182-6B3D-4BE0-A709-D126216E35C0}.Release|Any CPU.Build.0 = Release|Any CPU
		{8F4975DA-0928-4408-8168-26257260E3E2}.Debug|Any CPU.ActiveCfg = Debug|Any CPU
		{8F4975DA-0928-4408-8168-26257260E3E2}.Debug|Any CPU.Build.0 = Debug|Any CPU
		{8F4975DA-0928-4408-8168-26257260E3E2}.Release|Any CPU.ActiveCfg = Release|Any CPU
		{8F4975DA-0928-4408-8168-26257260E3E2}.Release|Any CPU.Build.0 = Release|Any CPU
	EndGlobalSection
	GlobalSection(SolutionProperties) = preSolution
		HideSolutionNode = FALSE
	EndGlobalSection
	GlobalSection(ExtensibilityGlobals) = postSolution
		SolutionGuid = {BC4B2437-369A-4131-8309-6CED4CCB3585}
	EndGlobalSection
EndGlobal
